
Microsoft Visual Studio Solution File, Format Version 12.00
# Visual Studio Version 17
VisualStudioVersion = 17.3.32929.385
MinimumVisualStudioVersion = 10.0.40219.1
Project("{9A19103F-16F7-4668-BE54-9A1E7A4F7556}") = "Lesson1_HelloWorld", "Lesson1_HelloWorld\Lesson1_HelloWorld.csproj", "{067E5E5A-7DFE-40AB-ADF7-9BE260689DED}"
EndProject
Project("{9A19103F-16F7-4668-BE54-9A1E7A4F7556}") = "Lesson2_InputOutput", "Lesson2_InputOutput\Lesson2_InputOutput.csproj", "{C5144C49-728E-498E-9775-932503871115}"
EndProject
Project("{9A19103F-16F7-4668-BE54-9A1E7A4F7556}") = "Lesson3_VariablesAndDatatypes", "Lesson3_VariablesAndDatatypes\Lesson3_VariablesAndDatatypes.csproj", "{A5F87A83-6C70-4375-90C2-1DF9CDF9C84A}"
EndProject
Project("{9A19103F-16F7-4668-BE54-9A1E7A4F7556}") = "Lesson4_RepetitionStatements", "Lesson4_RepetitionStatements\Lesson4_RepetitionStatements.csproj", "{DEBFE240-AB82-4217-BEA5-CC90BD0C56D4}"
EndProject
Global
	GlobalSection(SolutionConfigurationPlatforms) = preSolution
		Debug|Any CPU = Debug|Any CPU
		Release|Any CPU = Release|Any CPU
	EndGlobalSection
	GlobalSection(ProjectConfigurationPlatforms) = postSolution
		{067E5E5A-7DFE-40AB-ADF7-9BE260689DED}.Debug|Any CPU.ActiveCfg = Debug|Any CPU
		{067E5E5A-7DFE-40AB-ADF7-9BE260689DED}.Debug|Any CPU.Build.0 = Debug|Any CPU
		{067E5E5A-7DFE-40AB-ADF7-9BE260689DED}.Release|Any CPU.ActiveCfg = Release|Any CPU
		{067E5E5A-7DFE-40AB-ADF7-9BE260689DED}.Release|Any CPU.Build.0 = Release|Any CPU
		{C5144C49-728E-498E-9775-932503871115}.Debug|Any CPU.ActiveCfg = Debug|Any CPU
		{C5144C49-728E-498E-9775-932503871115}.Debug|Any CPU.Build.0 = Debug|Any CPU
		{C5144C49-728E-498E-9775-932503871115}.Release|Any CPU.ActiveCfg = Release|Any CPU
		{C5144C49-728E-498E-9775-932503871115}.Release|Any CPU.Build.0 = Release|Any CPU
		{A5F87A83-6C70-4375-90C2-1DF9CDF9C84A}.Debug|Any CPU.ActiveCfg = Debug|Any CPU
		{A5F87A83-6C70-4375-90C2-1DF9CDF9C84A}.Debug|Any CPU.Build.0 = Debug|Any CPU
		{A5F87A83-6C70-4375-90C2-1DF9CDF9C84A}.Release|Any CPU.ActiveCfg = Release|Any CPU
		{A5F87A83-6C70-4375-90C2-1DF9CDF9C84A}.Release|Any CPU.Build.0 = Release|Any CPU
		{DEBFE240-AB82-4217-BEA5-CC90BD0C56D4}.Debug|Any CPU.ActiveCfg = Debug|Any CPU
		{DEBFE240-AB82-4217-BEA5-CC90BD0C56D4}.Debug|Any CPU.Build.0 = Debug|Any CPU
		{DEBFE240-AB82-4217-BEA5-CC90BD0C56D4}.Release|Any CPU.ActiveCfg = Release|Any CPU
		{DEBFE240-AB82-4217-BEA5-CC90BD0C56D4}.Release|Any CPU.Build.0 = Release|Any CPU
	EndGlobalSection
	GlobalSection(SolutionProperties) = preSolution
		HideSolutionNode = FALSE
	EndGlobalSection
	GlobalSection(ExtensibilityGlobals) = postSolution
		SolutionGuid = {99C483B7-D35B-4DA8-8B0F-2C8643B3F0D5}
	EndGlobalSection
EndGlobal
